<Solution>
  <Folder Name="/Solution Items/">
    <File Path=".editorconfig" />
    <File Path=".gitignore" />
    <File Path="docker-compose.yml" />
  </Folder>
  <Folder Name="/src/">
    <Project Path="Gateway/Gateway.csproj" />
    <Project Path="PollService/PollService.csproj" />
    <Project Path="RealtimeService/RealtimeService.csproj" />
    <Project Path="VoteService/VoteService.csproj" />
  </Folder>
</Solution>
